
Microsoft Visual Studio Solution File, Format Version 12.00
# Visual Studio 15
VisualStudioVersion = 15.0.26430.16
MinimumVisualStudioVersion = 10.0.40219.1
Project("{FAE04EC0-301F-11D3-BF4B-00C04F79EFBC}") = "Phoneword.Android", "Phoneword\Phoneword.Android\Phoneword.Android.csproj", "{8A09A4FF-E57F-492E-8922-8881D97384C6}"
EndProject
Project("{FAE04EC0-301F-11D3-BF4B-00C04F79EFBC}") = "Phoneword", "Phoneword\Phoneword\Phoneword.csproj", "{A7D172D3-C40E-4F1B-936E-1DF3D68B78F3}"
EndProject
Project("{FAE04EC0-301F-11D3-BF4B-00C04F79EFBC}") = "Phoneword.iOS", "Phoneword\Phoneword.iOS\Phoneword.iOS.csproj", "{5941379A-A6C7-4CB5-AD29-E2C009C9FFAB}"
EndProject
Global
	GlobalSection(SolutionConfigurationPlatforms) = preSolution
		Ad-Hoc|Any CPU = Ad-Hoc|Any CPU
		Ad-Hoc|iPhone = Ad-Hoc|iPhone
		Ad-Hoc|iPhoneSimulator = Ad-Hoc|iPhoneSimulator
		AppStore|Any CPU = AppStore|Any CPU
		AppStore|iPhone = AppStore|iPhone
		AppStore|iPhoneSimulator = AppStore|iPhoneSimulator
		Debug|Any CPU = Debug|Any CPU
		Debug|iPhone = Debug|iPhone
		Debug|iPhoneSimulator = Debug|iPhoneSimulator
		Release|Any CPU = Release|Any CPU
		Release|iPhone = Release|iPhone
		Release|iPhoneSimulator = Release|iPhoneSimulator
	EndGlobalSection
	GlobalSection(ProjectConfigurationPlatforms) = postSolution
		{8A09A4FF-E57F-492E-8922-8881D97384C6}.Ad-Hoc|Any CPU.ActiveCfg = Release|Any CPU
		{8A09A4FF-E57F-492E-8922-8881D97384C6}.Ad-Hoc|Any CPU.Build.0 = Release|Any CPU
		{8A09A4FF-E57F-492E-8922-8881D97384C6}.Ad-Hoc|Any CPU.Deploy.0 = Release|Any CPU
		{8A09A4FF-E57F-492E-8922-8881D97384C6}.Ad-Hoc|iPhone.ActiveCfg = Release|Any CPU
		{8A09A4FF-E57F-492E-8922-8881D97384C6}.Ad-Hoc|iPhone.Build.0 = Release|Any CPU
		{8A09A4FF-E57F-492E-8922-8881D97384C6}.Ad-Hoc|iPhone.Deploy.0 = Release|Any CPU
		{8A09A4FF-E57F-492E-8922-8881D97384C6}.Ad-Hoc|iPhoneSimulator.ActiveCfg = Release|Any CPU
		{8A09A4FF-E57F-492E-8922-8881D97384C6}.Ad-Hoc|iPhoneSimulator.Build.0 = Release|Any CPU
		{8A09A4FF-E57F-492E-8922-8881D97384C6}.Ad-Hoc|iPhoneSimulator.Deploy.0 = Release|Any CPU
		{8A09A4FF-E57F-492E-8922-8881D97384C6}.AppStore|Any CPU.ActiveCfg = Release|Any CPU
		{8A09A4FF-E57F-492E-8922-8881D97384C6}.AppStore|Any CPU.Build.0 = Release|Any CPU
		{8A09A4FF-E57F-492E-8922-8881D97384C6}.AppStore|Any CPU.Deploy.0 = Release|Any CPU
		{8A09A4FF-E57F-492E-8922-8881D97384C6}.AppStore|iPhone.ActiveCfg = Release|Any CPU
		{8A09A4FF-E57F-492E-8922-8881D97384C6}.AppStore|iPhone.Build.0 = Release|Any CPU
		{8A09A4FF-E57F-492E-8922-8881D97384C6}.AppStore|iPhone.Deploy.0 = Release|Any CPU
		{8A09A4FF-E57F-492E-8922-8881D97384C6}.AppStore|iPhoneSimulator.ActiveCfg = Release|Any CPU
		{8A09A4FF-E57F-492E-8922-8881D97384C6}.AppStore|iPhoneSimulator.Build.0 = Release|Any CPU
		{8A09A4FF-E57F-492E-8922-8881D97384C6}.AppStore|iPhoneSimulator.Deploy.0 = Release|Any CPU
		{8A09A4FF-E57F-492E-8922-8881D97384C6}.Debug|Any CPU.ActiveCfg = Debug|Any CPU
		{8A09A4FF-E57F-492E-8922-8881D97384C6}.Debug|Any CPU.Build.0 = Debug|Any CPU
		{8A09A4FF-E57F-492E-8922-8881D97384C6}.Debug|Any CPU.Deploy.0 = Debug|Any CPU
		{8A09A4FF-E57F-492E-8922-8881D97384C6}.Debug|iPhone.ActiveCfg = Debug|Any CPU
		{8A09A4FF-E57F-492E-8922-8881D97384C6}.Debug|iPhone.Build.0 = Debug|Any CPU
		{8A09A4FF-E57F-492E-8922-8881D97384C6}.Debug|iPhone.Deploy.0 = Debug|Any CPU
		{8A09A4FF-E57F-492E-8922-8881D97384C6}.Debug|iPhoneSimulator.ActiveCfg = Debug|Any CPU
		{8A09A4FF-E57F-492E-8922-8881D97384C6}.Debug|iPhoneSimulator.Build.0 = Debug|Any CPU
		{8A09A4FF-E57F-492E-8922-8881D97384C6}.Debug|iPhoneSimulator.Deploy.0 = Debug|Any CPU
		{8A09A4FF-E57F-492E-8922-8881D97384C6}.Release|Any CPU.ActiveCfg = Release|Any CPU
		{8A09A4FF-E57F-492E-8922-8881D97384C6}.Release|Any CPU.Build.0 = Release|Any CPU
		{8A09A4FF-E57F-492E-8922-8881D97384C6}.Release|Any CPU.Deploy.0 = Release|Any CPU
		{8A09A4FF-E57F-492E-8922-8881D97384C6}.Release|iPhone.ActiveCfg = Release|Any CPU
		{8A09A4FF-E57F-492E-8922-8881D97384C6}.Release|iPhone.Build.0 = Release|Any CPU
		{8A09A4FF-E57F-492E-8922-8881D97384C6}.Release|iPhone.Deploy.0 = Release|Any CPU
		{8A09A4FF-E57F-492E-8922-8881D97384C6}.Release|iPhoneSimulator.ActiveCfg = Release|Any CPU
		{8A09A4FF-E57F-492E-8922-8881D97384C6}.Release|iPhoneSimulator.Build.0 = Release|Any CPU
		{8A09A4FF-E57F-492E-8922-8881D97384C6}.Release|iPhoneSimulator.Deploy.0 = Release|Any CPU
		{A7D172D3-C40E-4F1B-936E-1DF3D68B78F3}.Ad-Hoc|Any CPU.ActiveCfg = Release|Any CPU
		{A7D172D3-C40E-4F1B-936E-1DF3D68B78F3}.Ad-Hoc|Any CPU.Build.0 = Release|Any CPU
		{A7D172D3-C40E-4F1B-936E-1DF3D68B78F3}.Ad-Hoc|iPhone.ActiveCfg = Release|Any CPU
		{A7D172D3-C40E-4F1B-936E-1DF3D68B78F3}.Ad-Hoc|iPhone.Build.0 = Release|Any CPU
		{A7D172D3-C40E-4F1B-936E-1DF3D68B78F3}.Ad-Hoc|iPhoneSimulator.ActiveCfg = Release|Any CPU
		{A7D172D3-C40E-4F1B-936E-1DF3D68B78F3}.Ad-Hoc|iPhoneSimulator.Build.0 = Release|Any CPU
		{A7D172D3-C40E-4F1B-936E-1DF3D68B78F3}.AppStore|Any CPU.ActiveCfg = Release|Any CPU
		{A7D172D3-C40E-4F1B-936E-1DF3D68B78F3}.AppStore|Any CPU.Build.0 = Release|Any CPU
		{A7D172D3-C40E-4F1B-936E-1DF3D68B78F3}.AppStore|iPhone.ActiveCfg = Release|Any CPU
		{A7D172D3-C40E-4F1B-936E-1DF3D68B78F3}.AppStore|iPhone.Build.0 = Release|Any CPU
		{A7D172D3-C40E-4F1B-936E-1DF3D68B78F3}.AppStore|iPhoneSimulator.ActiveCfg = Release|Any CPU
		{A7D172D3-C40E-4F1B-936E-1DF3D68B78F3}.AppStore|iPhoneSimulator.Build.0 = Release|Any CPU
		{A7D172D3-C40E-4F1B-936E-1DF3D68B78F3}.Debug|Any CPU.ActiveCfg = Debug|Any CPU
		{A7D172D3-C40E-4F1B-936E-1DF3D68B78F3}.Debug|Any CPU.Build.0 = Debug|Any CPU
		{A7D172D3-C40E-4F1B-936E-1DF3D68B78F3}.Debug|iPhone.ActiveCfg = Debug|Any CPU
		{A7D172D3-C40E-4F1B-936E-1DF3D68B78F3}.Debug|iPhone.Build.0 = Debug|Any CPU
		{A7D172D3-C40E-4F1B-936E-1DF3D68B78F3}.Debug|iPhoneSimulator.ActiveCfg = Debug|Any CPU
		{A7D172D3-C40E-4F1B-936E-1DF3D68B78F3}.Debug|iPhoneSimulator.Build.0 = Debug|Any CPU
		{A7D172D3-C40E-4F1B-936E-1DF3D68B78F3}.Release|Any CPU.ActiveCfg = Release|Any CPU
		{A7D172D3-C40E-4F1B-936E-1DF3D68B78F3}.Release|Any CPU.Build.0 = Release|Any CPU
		{A7D172D3-C40E-4F1B-936E-1DF3D68B78F3}.Release|iPhone.ActiveCfg = Release|Any CPU
		{A7D172D3-C40E-4F1B-936E-1DF3D68B78F3}.Release|iPhone.Build.0 = Release|Any CPU
		{A7D172D3-C40E-4F1B-936E-1DF3D68B78F3}.Release|iPhoneSimulator.ActiveCfg = Release|Any CPU
		{A7D172D3-C40E-4F1B-936E-1DF3D68B78F3}.Release|iPhoneSimulator.Build.0 = Release|Any CPU
		{5941379A-A6C7-4CB5-AD29-E2C009C9FFAB}.Ad-Hoc|Any CPU.ActiveCfg = Ad-Hoc|iPhone
		{5941379A-A6C7-4CB5-AD29-E2C009C9FFAB}.Ad-Hoc|iPhone.ActiveCfg = Ad-Hoc|iPhone
		{5941379A-A6C7-4CB5-AD29-E2C009C9FFAB}.Ad-Hoc|iPhone.Build.0 = Ad-Hoc|iPhone
		{5941379A-A6C7-4CB5-AD29-E2C009C9FFAB}.Ad-Hoc|iPhoneSimulator.ActiveCfg = Ad-Hoc|iPhoneSimulator
		{5941379A-A6C7-4CB5-AD29-E2C009C9FFAB}.Ad-Hoc|iPhoneSimulator.Build.0 = Ad-Hoc|iPhoneSimulator
		{5941379A-A6C7-4CB5-AD29-E2C009C9FFAB}.AppStore|Any CPU.ActiveCfg = AppStore|iPhone
		{5941379A-A6C7-4CB5-AD29-E2C009C9FFAB}.AppStore|iPhone.ActiveCfg = AppStore|iPhone
		{5941379A-A6C7-4CB5-AD29-E2C009C9FFAB}.AppStore|iPhone.Build.0 = AppStore|iPhone
		{5941379A-A6C7-4CB5-AD29-E2C009C9FFAB}.AppStore|iPhoneSimulator.ActiveCfg = AppStore|iPhoneSimulator
		{5941379A-A6C7-4CB5-AD29-E2C009C9FFAB}.AppStore|iPhoneSimulator.Build.0 = AppStore|iPhoneSimulator
		{5941379A-A6C7-4CB5-AD29-E2C009C9FFAB}.Debug|Any CPU.ActiveCfg = Debug|iPhone
		{5941379A-A6C7-4CB5-AD29-E2C009C9FFAB}.Debug|iPhone.ActiveCfg = Debug|iPhone
		{5941379A-A6C7-4CB5-AD29-E2C009C9FFAB}.Debug|iPhone.Build.0 = Debug|iPhone
		{5941379A-A6C7-4CB5-AD29-E2C009C9FFAB}.Debug|iPhoneSimulator.ActiveCfg = Debug|iPhoneSimulator
		{5941379A-A6C7-4CB5-AD29-E2C009C9FFAB}.Debug|iPhoneSimulator.Build.0 = Debug|iPhoneSimulator
		{5941379A-A6C7-4CB5-AD29-E2C009C9FFAB}.Release|Any CPU.ActiveCfg = Release|iPhone
		{5941379A-A6C7-4CB5-AD29-E2C009C9FFAB}.Release|iPhone.ActiveCfg = Release|iPhone
		{5941379A-A6C7-4CB5-AD29-E2C009C9FFAB}.Release|iPhone.Build.0 = Release|iPhone
		{5941379A-A6C7-4CB5-AD29-E2C009C9FFAB}.Release|iPhoneSimulator.ActiveCfg = Release|iPhoneSimulator
		{5941379A-A6C7-4CB5-AD29-E2C009C9FFAB}.Release|iPhoneSimulator.Build.0 = Release|iPhoneSimulator
	EndGlobalSection
	GlobalSection(SolutionProperties) = preSolution
		HideSolutionNode = FALSE
	EndGlobalSection
EndGlobal
